
Microsoft Visual Studio Solution File, Format Version 12.00
# Visual Studio 15
VisualStudioVersion = 15.0.27130.2010
MinimumVisualStudioVersion = 10.0.40219.1
Project("{9A19103F-16F7-4668-BE54-9A1E7A4F7556}") = "Alpha", "Alpha\Alpha.csproj", "{8293A145-E186-473F-976F-63BADD56A9B9}"
EndProject
Project("{9A19103F-16F7-4668-BE54-9A1E7A4F7556}") = "ConsoleApp2", "ConsoleApp2\ConsoleApp2.csproj", "{868B002C-6439-4A9B-83C9-55276CE65053}"
EndProject
Project("{9A19103F-16F7-4668-BE54-9A1E7A4F7556}") = "ConsoleApp3", "ConsoleApp3\ConsoleApp3.csproj", "{7A110553-35FF-4CE2-8380-21196779C385}"
EndProject
Project("{9A19103F-16F7-4668-BE54-9A1E7A4F7556}") = "ConsoleApp4", "ConsoleApp4\ConsoleApp4.csproj", "{91766677-3204-4092-9D93-D968756A5D72}"
EndProject
Project("{9A19103F-16F7-4668-BE54-9A1E7A4F7556}") = "ConsoleApp5", "ConsoleApp5\ConsoleApp5.csproj", "{FDB4D256-41D8-4361-B90D-7E01CD324AE8}"
EndProject
Project("{9A19103F-16F7-4668-BE54-9A1E7A4F7556}") = "ConsoleApp6", "ConsoleApp6\ConsoleApp6.csproj", "{91A1D5FF-F2CA-40F0-9826-7C6DACB7C6BD}"
EndProject
Project("{9A19103F-16F7-4668-BE54-9A1E7A4F7556}") = "ConsoleApp7", "ConsoleApp7\ConsoleApp7.csproj", "{48948908-3875-4CE8-8FD3-0D44CF1BA840}"
EndProject
Project("{9A19103F-16F7-4668-BE54-9A1E7A4F7556}") = "ConsoleApp8", "ConsoleApp8\ConsoleApp8.csproj", "{6AB4D6D4-4C31-4764-8E6D-DE030537C04D}"
EndProject
Project("{9A19103F-16F7-4668-BE54-9A1E7A4F7556}") = "ConsoleApp9", "ConsoleApp9\ConsoleApp9.csproj", "{5BD7ADF8-49D5-4EFE-8AE5-D227EAB785D3}"
EndProject
Project("{9A19103F-16F7-4668-BE54-9A1E7A4F7556}") = "ConsoleApp10", "ConsoleApp10\ConsoleApp10.csproj", "{993B3756-56A5-48CD-AA08-0E6DD9D8B1FD}"
EndProject
Project("{9A19103F-16F7-4668-BE54-9A1E7A4F7556}") = "ConsoleApp1", "ConsoleApp1\ConsoleApp1.csproj", "{4CC86C38-475A-4D32-9BB7-AA3E7CA182A4}"
EndProject
Project("{9A19103F-16F7-4668-BE54-9A1E7A4F7556}") = "ConsoleApp11", "ConsoleApp11\ConsoleApp11.csproj", "{7DF557F8-DCB1-42FC-93E5-4D7671982693}"
EndProject
Project("{9A19103F-16F7-4668-BE54-9A1E7A4F7556}") = "ClassLibrary1", "ClassLibrary1\ClassLibrary1.csproj", "{F0D3C950-10AC-4225-A779-29866CCBA985}"
EndProject
Project("{9A19103F-16F7-4668-BE54-9A1E7A4F7556}") = "XUnitTestProject1", "XUnitTestProject1\XUnitTestProject1.csproj", "{FB868561-5DF7-46E3-A661-8C33F62F99F9}"
EndProject
Project("{9A19103F-16F7-4668-BE54-9A1E7A4F7556}") = "ClassLibrary2", "ClassLibrary2\ClassLibrary2.csproj", "{E380370A-FC79-4428-83C9-4E772AEEE990}"
EndProject
Project("{9A19103F-16F7-4668-BE54-9A1E7A4F7556}") = "Processors", "Processors\Processors.csproj", "{682E5F0F-39FC-47EA-A933-3D0F769DBC8A}"
EndProject
Project("{9A19103F-16F7-4668-BE54-9A1E7A4F7556}") = "Processors.UnitTests", "Porcessors.UnitTests\Processors.UnitTests.csproj", "{DD988323-CF3D-4032-91AB-99598E79F6D5}"
EndProject
Project("{2150E333-8FDC-42A3-9474-1A3956D46DE8}") = "OldStuff", "OldStuff", "{FB2BA7A1-E9D8-42FC-BC97-63EAAF28BC7E}"
EndProject
Project("{9A19103F-16F7-4668-BE54-9A1E7A4F7556}") = "Automobiles", "Automobiles\Automobiles.csproj", "{E3C8F9BC-910A-408C-8166-3F7F17D997D9}"
EndProject
Project("{9A19103F-16F7-4668-BE54-9A1E7A4F7556}") = "AutomobilesApp", "AutomobilesApp\AutomobilesApp.csproj", "{BCF5C829-7F98-4FEA-9D72-9F90E982EBB5}"
EndProject
Project("{9A19103F-16F7-4668-BE54-9A1E7A4F7556}") = "Aggregation", "Aggregation\Aggregation.csproj", "{FC557E36-E5C2-4F50-961A-A6FDADCA9D24}"
EndProject
Project("{9A19103F-16F7-4668-BE54-9A1E7A4F7556}") = "Vehicles", "Vehicles\Vehicles.csproj", "{6ECCD78A-2179-4B0A-8F02-57A89D67D34D}"
EndProject
Project("{9A19103F-16F7-4668-BE54-9A1E7A4F7556}") = "VehiclesV2", "VehiclesV2\VehiclesV2.csproj", "{BE9DC563-C07F-4F21-8E56-8DAC61D18898}"
EndProject
Project("{9A19103F-16F7-4668-BE54-9A1E7A4F7556}") = "ConsoleApp12", "ConsoleApp12\ConsoleApp12.csproj", "{604D05FB-CAE0-480C-92E5-AADAE3FA1CA7}"
EndProject
Project("{9A19103F-16F7-4668-BE54-9A1E7A4F7556}") = "Exercising", "Exercising\Exercising.csproj", "{F4589801-7626-46BB-932E-8C0664E46508}"
EndProject
Project("{9A19103F-16F7-4668-BE54-9A1E7A4F7556}") = "ExceptionsExamples", "ExceptionsExamples\ExceptionsExamples.csproj", "{A61ECDEA-031A-43DC-A1C7-51F6B8DA0BE2}"
EndProject
Project("{9A19103F-16F7-4668-BE54-9A1E7A4F7556}") = "CollectionsExamples", "CollectionsExamples\CollectionsExamples.csproj", "{99EE9E68-A977-4D61-B73C-BB2FB4CD6242}"
EndProject
Project("{9A19103F-16F7-4668-BE54-9A1E7A4F7556}") = "ActionsExamples", "ActionsExamples\ActionsExamples.csproj", "{202D6F23-414D-47F5-A952-35A27CBB550B}"
EndProject
Project("{9A19103F-16F7-4668-BE54-9A1E7A4F7556}") = "NameCreator", "NameCreator\NameCreator.csproj", "{BF50783D-36D9-482A-B7B8-C1F214F20C3A}"
EndProject
Project("{FAE04EC0-301F-11D3-BF4B-00C04F79EFBC}") = "LinqExamples", "LinqExamples\LinqExamples.csproj", "{60A478B9-B5DF-480A-A625-AF459ADF54AB}"
EndProject
Global
	GlobalSection(SolutionConfigurationPlatforms) = preSolution
		Debug|Any CPU = Debug|Any CPU
		Release|Any CPU = Release|Any CPU
	EndGlobalSection
	GlobalSection(ProjectConfigurationPlatforms) = postSolution
		{8293A145-E186-473F-976F-63BADD56A9B9}.Debug|Any CPU.ActiveCfg = Debug|Any CPU
		{8293A145-E186-473F-976F-63BADD56A9B9}.Debug|Any CPU.Build.0 = Debug|Any CPU
		{8293A145-E186-473F-976F-63BADD56A9B9}.Release|Any CPU.ActiveCfg = Release|Any CPU
		{8293A145-E186-473F-976F-63BADD56A9B9}.Release|Any CPU.Build.0 = Release|Any CPU
		{868B002C-6439-4A9B-83C9-55276CE65053}.Debug|Any CPU.ActiveCfg = Debug|Any CPU
		{868B002C-6439-4A9B-83C9-55276CE65053}.Debug|Any CPU.Build.0 = Debug|Any CPU
		{868B002C-6439-4A9B-83C9-55276CE65053}.Release|Any CPU.ActiveCfg = Release|Any CPU
		{868B002C-6439-4A9B-83C9-55276CE65053}.Release|Any CPU.Build.0 = Release|Any CPU
		{7A110553-35FF-4CE2-8380-21196779C385}.Debug|Any CPU.ActiveCfg = Debug|Any CPU
		{7A110553-35FF-4CE2-8380-21196779C385}.Debug|Any CPU.Build.0 = Debug|Any CPU
		{7A110553-35FF-4CE2-8380-21196779C385}.Release|Any CPU.ActiveCfg = Release|Any CPU
		{7A110553-35FF-4CE2-8380-21196779C385}.Release|Any CPU.Build.0 = Release|Any CPU
		{91766677-3204-4092-9D93-D968756A5D72}.Debug|Any CPU.ActiveCfg = Debug|Any CPU
		{91766677-3204-4092-9D93-D968756A5D72}.Debug|Any CPU.Build.0 = Debug|Any CPU
		{91766677-3204-4092-9D93-D968756A5D72}.Release|Any CPU.ActiveCfg = Release|Any CPU
		{91766677-3204-4092-9D93-D968756A5D72}.Release|Any CPU.Build.0 = Release|Any CPU
		{FDB4D256-41D8-4361-B90D-7E01CD324AE8}.Debug|Any CPU.ActiveCfg = Debug|Any CPU
		{FDB4D256-41D8-4361-B90D-7E01CD324AE8}.Debug|Any CPU.Build.0 = Debug|Any CPU
		{FDB4D256-41D8-4361-B90D-7E01CD324AE8}.Release|Any CPU.ActiveCfg = Release|Any CPU
		{FDB4D256-41D8-4361-B90D-7E01CD324AE8}.Release|Any CPU.Build.0 = Release|Any CPU
		{91A1D5FF-F2CA-40F0-9826-7C6DACB7C6BD}.Debug|Any CPU.ActiveCfg = Debug|Any CPU
		{91A1D5FF-F2CA-40F0-9826-7C6DACB7C6BD}.Debug|Any CPU.Build.0 = Debug|Any CPU
		{91A1D5FF-F2CA-40F0-9826-7C6DACB7C6BD}.Release|Any CPU.ActiveCfg = Release|Any CPU
		{91A1D5FF-F2CA-40F0-9826-7C6DACB7C6BD}.Release|Any CPU.Build.0 = Release|Any CPU
		{48948908-3875-4CE8-8FD3-0D44CF1BA840}.Debug|Any CPU.ActiveCfg = Debug|Any CPU
		{48948908-3875-4CE8-8FD3-0D44CF1BA840}.Debug|Any CPU.Build.0 = Debug|Any CPU
		{48948908-3875-4CE8-8FD3-0D44CF1BA840}.Release|Any CPU.ActiveCfg = Release|Any CPU
		{48948908-3875-4CE8-8FD3-0D44CF1BA840}.Release|Any CPU.Build.0 = Release|Any CPU
		{6AB4D6D4-4C31-4764-8E6D-DE030537C04D}.Debug|Any CPU.ActiveCfg = Debug|Any CPU
		{6AB4D6D4-4C31-4764-8E6D-DE030537C04D}.Debug|Any CPU.Build.0 = Debug|Any CPU
		{6AB4D6D4-4C31-4764-8E6D-DE030537C04D}.Release|Any CPU.ActiveCfg = Release|Any CPU
		{6AB4D6D4-4C31-4764-8E6D-DE030537C04D}.Release|Any CPU.Build.0 = Release|Any CPU
		{5BD7ADF8-49D5-4EFE-8AE5-D227EAB785D3}.Debug|Any CPU.ActiveCfg = Debug|Any CPU
		{5BD7ADF8-49D5-4EFE-8AE5-D227EAB785D3}.Debug|Any CPU.Build.0 = Debug|Any CPU
		{5BD7ADF8-49D5-4EFE-8AE5-D227EAB785D3}.Release|Any CPU.ActiveCfg = Release|Any CPU
		{5BD7ADF8-49D5-4EFE-8AE5-D227EAB785D3}.Release|Any CPU.Build.0 = Release|Any CPU
		{993B3756-56A5-48CD-AA08-0E6DD9D8B1FD}.Debug|Any CPU.ActiveCfg = Debug|Any CPU
		{993B3756-56A5-48CD-AA08-0E6DD9D8B1FD}.Debug|Any CPU.Build.0 = Debug|Any CPU
		{993B3756-56A5-48CD-AA08-0E6DD9D8B1FD}.Release|Any CPU.ActiveCfg = Release|Any CPU
		{993B3756-56A5-48CD-AA08-0E6DD9D8B1FD}.Release|Any CPU.Build.0 = Release|Any CPU
		{4CC86C38-475A-4D32-9BB7-AA3E7CA182A4}.Debug|Any CPU.ActiveCfg = Debug|Any CPU
		{4CC86C38-475A-4D32-9BB7-AA3E7CA182A4}.Debug|Any CPU.Build.0 = Debug|Any CPU
		{4CC86C38-475A-4D32-9BB7-AA3E7CA182A4}.Release|Any CPU.ActiveCfg = Release|Any CPU
		{4CC86C38-475A-4D32-9BB7-AA3E7CA182A4}.Release|Any CPU.Build.0 = Release|Any CPU
		{7DF557F8-DCB1-42FC-93E5-4D7671982693}.Debug|Any CPU.ActiveCfg = Debug|Any CPU
		{7DF557F8-DCB1-42FC-93E5-4D7671982693}.Debug|Any CPU.Build.0 = Debug|Any CPU
		{7DF557F8-DCB1-42FC-93E5-4D7671982693}.Release|Any CPU.ActiveCfg = Release|Any CPU
		{7DF557F8-DCB1-42FC-93E5-4D7671982693}.Release|Any CPU.Build.0 = Release|Any CPU
		{F0D3C950-10AC-4225-A779-29866CCBA985}.Debug|Any CPU.ActiveCfg = Debug|Any CPU
		{F0D3C950-10AC-4225-A779-29866CCBA985}.Debug|Any CPU.Build.0 = Debug|Any CPU
		{F0D3C950-10AC-4225-A779-29866CCBA985}.Release|Any CPU.ActiveCfg = Release|Any CPU
		{F0D3C950-10AC-4225-A779-29866CCBA985}.Release|Any CPU.Build.0 = Release|Any CPU
		{FB868561-5DF7-46E3-A661-8C33F62F99F9}.Debug|Any CPU.ActiveCfg = Debug|Any CPU
		{FB868561-5DF7-46E3-A661-8C33F62F99F9}.Debug|Any CPU.Build.0 = Debug|Any CPU
		{FB868561-5DF7-46E3-A661-8C33F62F99F9}.Release|Any CPU.ActiveCfg = Release|Any CPU
		{FB868561-5DF7-46E3-A661-8C33F62F99F9}.Release|Any CPU.Build.0 = Release|Any CPU
		{E380370A-FC79-4428-83C9-4E772AEEE990}.Debug|Any CPU.ActiveCfg = Debug|Any CPU
		{E380370A-FC79-4428-83C9-4E772AEEE990}.Debug|Any CPU.Build.0 = Debug|Any CPU
		{E380370A-FC79-4428-83C9-4E772AEEE990}.Release|Any CPU.ActiveCfg = Release|Any CPU
		{E380370A-FC79-4428-83C9-4E772AEEE990}.Release|Any CPU.Build.0 = Release|Any CPU
		{682E5F0F-39FC-47EA-A933-3D0F769DBC8A}.Debug|Any CPU.ActiveCfg = Debug|Any CPU
		{682E5F0F-39FC-47EA-A933-3D0F769DBC8A}.Debug|Any CPU.Build.0 = Debug|Any CPU
		{682E5F0F-39FC-47EA-A933-3D0F769DBC8A}.Release|Any CPU.ActiveCfg = Release|Any CPU
		{682E5F0F-39FC-47EA-A933-3D0F769DBC8A}.Release|Any CPU.Build.0 = Release|Any CPU
		{DD988323-CF3D-4032-91AB-99598E79F6D5}.Debug|Any CPU.ActiveCfg = Debug|Any CPU
		{DD988323-CF3D-4032-91AB-99598E79F6D5}.Debug|Any CPU.Build.0 = Debug|Any CPU
		{DD988323-CF3D-4032-91AB-99598E79F6D5}.Release|Any CPU.ActiveCfg = Release|Any CPU
		{DD988323-CF3D-4032-91AB-99598E79F6D5}.Release|Any CPU.Build.0 = Release|Any CPU
		{E3C8F9BC-910A-408C-8166-3F7F17D997D9}.Debug|Any CPU.ActiveCfg = Debug|Any CPU
		{E3C8F9BC-910A-408C-8166-3F7F17D997D9}.Debug|Any CPU.Build.0 = Debug|Any CPU
		{E3C8F9BC-910A-408C-8166-3F7F17D997D9}.Release|Any CPU.ActiveCfg = Release|Any CPU
		{E3C8F9BC-910A-408C-8166-3F7F17D997D9}.Release|Any CPU.Build.0 = Release|Any CPU
		{BCF5C829-7F98-4FEA-9D72-9F90E982EBB5}.Debug|Any CPU.ActiveCfg = Debug|Any CPU
		{BCF5C829-7F98-4FEA-9D72-9F90E982EBB5}.Debug|Any CPU.Build.0 = Debug|Any CPU
		{BCF5C829-7F98-4FEA-9D72-9F90E982EBB5}.Release|Any CPU.ActiveCfg = Release|Any CPU
		{BCF5C829-7F98-4FEA-9D72-9F90E982EBB5}.Release|Any CPU.Build.0 = Release|Any CPU
		{FC557E36-E5C2-4F50-961A-A6FDADCA9D24}.Debug|Any CPU.ActiveCfg = Debug|Any CPU
		{FC557E36-E5C2-4F50-961A-A6FDADCA9D24}.Debug|Any CPU.Build.0 = Debug|Any CPU
		{FC557E36-E5C2-4F50-961A-A6FDADCA9D24}.Release|Any CPU.ActiveCfg = Release|Any CPU
		{FC557E36-E5C2-4F50-961A-A6FDADCA9D24}.Release|Any CPU.Build.0 = Release|Any CPU
		{6ECCD78A-2179-4B0A-8F02-57A89D67D34D}.Debug|Any CPU.ActiveCfg = Debug|Any CPU
		{6ECCD78A-2179-4B0A-8F02-57A89D67D34D}.Debug|Any CPU.Build.0 = Debug|Any CPU
		{6ECCD78A-2179-4B0A-8F02-57A89D67D34D}.Release|Any CPU.ActiveCfg = Release|Any CPU
		{6ECCD78A-2179-4B0A-8F02-57A89D67D34D}.Release|Any CPU.Build.0 = Release|Any CPU
		{BE9DC563-C07F-4F21-8E56-8DAC61D18898}.Debug|Any CPU.ActiveCfg = Debug|Any CPU
		{BE9DC563-C07F-4F21-8E56-8DAC61D18898}.Debug|Any CPU.Build.0 = Debug|Any CPU
		{BE9DC563-C07F-4F21-8E56-8DAC61D18898}.Release|Any CPU.ActiveCfg = Release|Any CPU
		{BE9DC563-C07F-4F21-8E56-8DAC61D18898}.Release|Any CPU.Build.0 = Release|Any CPU
		{604D05FB-CAE0-480C-92E5-AADAE3FA1CA7}.Debug|Any CPU.ActiveCfg = Debug|Any CPU
		{604D05FB-CAE0-480C-92E5-AADAE3FA1CA7}.Debug|Any CPU.Build.0 = Debug|Any CPU
		{604D05FB-CAE0-480C-92E5-AADAE3FA1CA7}.Release|Any CPU.ActiveCfg = Release|Any CPU
		{604D05FB-CAE0-480C-92E5-AADAE3FA1CA7}.Release|Any CPU.Build.0 = Release|Any CPU
		{F4589801-7626-46BB-932E-8C0664E46508}.Debug|Any CPU.ActiveCfg = Debug|Any CPU
		{F4589801-7626-46BB-932E-8C0664E46508}.Debug|Any CPU.Build.0 = Debug|Any CPU
		{F4589801-7626-46BB-932E-8C0664E46508}.Release|Any CPU.ActiveCfg = Release|Any CPU
		{F4589801-7626-46BB-932E-8C0664E46508}.Release|Any CPU.Build.0 = Release|Any CPU
		{A61ECDEA-031A-43DC-A1C7-51F6B8DA0BE2}.Debug|Any CPU.ActiveCfg = Debug|Any CPU
		{A61ECDEA-031A-43DC-A1C7-51F6B8DA0BE2}.Debug|Any CPU.Build.0 = Debug|Any CPU
		{A61ECDEA-031A-43DC-A1C7-51F6B8DA0BE2}.Release|Any CPU.ActiveCfg = Release|Any CPU
		{A61ECDEA-031A-43DC-A1C7-51F6B8DA0BE2}.Release|Any CPU.Build.0 = Release|Any CPU
		{99EE9E68-A977-4D61-B73C-BB2FB4CD6242}.Debug|Any CPU.ActiveCfg = Debug|Any CPU
		{99EE9E68-A977-4D61-B73C-BB2FB4CD6242}.Debug|Any CPU.Build.0 = Debug|Any CPU
		{99EE9E68-A977-4D61-B73C-BB2FB4CD6242}.Release|Any CPU.ActiveCfg = Release|Any CPU
		{99EE9E68-A977-4D61-B73C-BB2FB4CD6242}.Release|Any CPU.Build.0 = Release|Any CPU
		{202D6F23-414D-47F5-A952-35A27CBB550B}.Debug|Any CPU.ActiveCfg = Debug|Any CPU
		{202D6F23-414D-47F5-A952-35A27CBB550B}.Debug|Any CPU.Build.0 = Debug|Any CPU
		{202D6F23-414D-47F5-A952-35A27CBB550B}.Release|Any CPU.ActiveCfg = Release|Any CPU
		{202D6F23-414D-47F5-A952-35A27CBB550B}.Release|Any CPU.Build.0 = Release|Any CPU
		{BF50783D-36D9-482A-B7B8-C1F214F20C3A}.Debug|Any CPU.ActiveCfg = Debug|Any CPU
		{BF50783D-36D9-482A-B7B8-C1F214F20C3A}.Debug|Any CPU.Build.0 = Debug|Any CPU
		{BF50783D-36D9-482A-B7B8-C1F214F20C3A}.Release|Any CPU.ActiveCfg = Release|Any CPU
		{BF50783D-36D9-482A-B7B8-C1F214F20C3A}.Release|Any CPU.Build.0 = Release|Any CPU
		{60A478B9-B5DF-480A-A625-AF459ADF54AB}.Debug|Any CPU.ActiveCfg = Debug|Any CPU
		{60A478B9-B5DF-480A-A625-AF459ADF54AB}.Debug|Any CPU.Build.0 = Debug|Any CPU
		{60A478B9-B5DF-480A-A625-AF459ADF54AB}.Release|Any CPU.ActiveCfg = Release|Any CPU
		{60A478B9-B5DF-480A-A625-AF459ADF54AB}.Release|Any CPU.Build.0 = Release|Any CPU
	EndGlobalSection
	GlobalSection(SolutionProperties) = preSolution
		HideSolutionNode = FALSE
	EndGlobalSection
	GlobalSection(NestedProjects) = preSolution
		{8293A145-E186-473F-976F-63BADD56A9B9} = {FB2BA7A1-E9D8-42FC-BC97-63EAAF28BC7E}
		{868B002C-6439-4A9B-83C9-55276CE65053} = {FB2BA7A1-E9D8-42FC-BC97-63EAAF28BC7E}
		{7A110553-35FF-4CE2-8380-21196779C385} = {FB2BA7A1-E9D8-42FC-BC97-63EAAF28BC7E}
		{91766677-3204-4092-9D93-D968756A5D72} = {FB2BA7A1-E9D8-42FC-BC97-63EAAF28BC7E}
		{FDB4D256-41D8-4361-B90D-7E01CD324AE8} = {FB2BA7A1-E9D8-42FC-BC97-63EAAF28BC7E}
		{91A1D5FF-F2CA-40F0-9826-7C6DACB7C6BD} = {FB2BA7A1-E9D8-42FC-BC97-63EAAF28BC7E}
		{48948908-3875-4CE8-8FD3-0D44CF1BA840} = {FB2BA7A1-E9D8-42FC-BC97-63EAAF28BC7E}
		{6AB4D6D4-4C31-4764-8E6D-DE030537C04D} = {FB2BA7A1-E9D8-42FC-BC97-63EAAF28BC7E}
		{5BD7ADF8-49D5-4EFE-8AE5-D227EAB785D3} = {FB2BA7A1-E9D8-42FC-BC97-63EAAF28BC7E}
		{993B3756-56A5-48CD-AA08-0E6DD9D8B1FD} = {FB2BA7A1-E9D8-42FC-BC97-63EAAF28BC7E}
		{4CC86C38-475A-4D32-9BB7-AA3E7CA182A4} = {FB2BA7A1-E9D8-42FC-BC97-63EAAF28BC7E}
		{7DF557F8-DCB1-42FC-93E5-4D7671982693} = {FB2BA7A1-E9D8-42FC-BC97-63EAAF28BC7E}
		{F0D3C950-10AC-4225-A779-29866CCBA985} = {FB2BA7A1-E9D8-42FC-BC97-63EAAF28BC7E}
		{FB868561-5DF7-46E3-A661-8C33F62F99F9} = {FB2BA7A1-E9D8-42FC-BC97-63EAAF28BC7E}
		{E380370A-FC79-4428-83C9-4E772AEEE990} = {FB2BA7A1-E9D8-42FC-BC97-63EAAF28BC7E}
		{682E5F0F-39FC-47EA-A933-3D0F769DBC8A} = {FB2BA7A1-E9D8-42FC-BC97-63EAAF28BC7E}
		{DD988323-CF3D-4032-91AB-99598E79F6D5} = {FB2BA7A1-E9D8-42FC-BC97-63EAAF28BC7E}
		{E3C8F9BC-910A-408C-8166-3F7F17D997D9} = {FB2BA7A1-E9D8-42FC-BC97-63EAAF28BC7E}
		{BCF5C829-7F98-4FEA-9D72-9F90E982EBB5} = {FB2BA7A1-E9D8-42FC-BC97-63EAAF28BC7E}
		{FC557E36-E5C2-4F50-961A-A6FDADCA9D24} = {FB2BA7A1-E9D8-42FC-BC97-63EAAF28BC7E}
		{6ECCD78A-2179-4B0A-8F02-57A89D67D34D} = {FB2BA7A1-E9D8-42FC-BC97-63EAAF28BC7E}
		{BE9DC563-C07F-4F21-8E56-8DAC61D18898} = {FB2BA7A1-E9D8-42FC-BC97-63EAAF28BC7E}
		{604D05FB-CAE0-480C-92E5-AADAE3FA1CA7} = {FB2BA7A1-E9D8-42FC-BC97-63EAAF28BC7E}
		{F4589801-7626-46BB-932E-8C0664E46508} = {FB2BA7A1-E9D8-42FC-BC97-63EAAF28BC7E}
		{A61ECDEA-031A-43DC-A1C7-51F6B8DA0BE2} = {FB2BA7A1-E9D8-42FC-BC97-63EAAF28BC7E}
		{99EE9E68-A977-4D61-B73C-BB2FB4CD6242} = {FB2BA7A1-E9D8-42FC-BC97-63EAAF28BC7E}
	EndGlobalSection
	GlobalSection(ExtensibilityGlobals) = postSolution
		SolutionGuid = {B4F1483C-AA29-4B40-8A24-19BC301BBC5D}
	EndGlobalSection
EndGlobal
